
Microsoft Visual Studio Solution File, Format Version 12.00
# Visual Studio Version 16
VisualStudioVersion = 16.0.31911.196
MinimumVisualStudioVersion = 10.0.40219.1
Project("{FAE04EC0-301F-11D3-BF4B-00C04F79EFBC}") = "LabcorpAuto", "LabcorpAuto.csproj", "{5C12CD50-5DAD-4E0F-9913-78BA00FC1DCB}"
EndProject
Global
	GlobalSection(SolutionConfigurationPlatforms) = preSolution
		Debug|Any CPU = Debug|Any CPU
		Release|Any CPU = Release|Any CPU
	EndGlobalSection
	GlobalSection(ProjectConfigurationPlatforms) = postSolution
		{5C12CD50-5DAD-4E0F-9913-78BA00FC1DCB}.Debug|Any CPU.ActiveCfg = Debug|Any CPU
		{5C12CD50-5DAD-4E0F-9913-78BA00FC1DCB}.Debug|Any CPU.Build.0 = Debug|Any CPU
		{5C12CD50-5DAD-4E0F-9913-78BA00FC1DCB}.Release|Any CPU.ActiveCfg = Release|Any CPU
		{5C12CD50-5DAD-4E0F-9913-78BA00FC1DCB}.Release|Any CPU.Build.0 = Release|Any CPU
	EndGlobalSection
	GlobalSection(SolutionProperties) = preSolution
		HideSolutionNode = FALSE
	EndGlobalSection
	GlobalSection(ExtensibilityGlobals) = postSolution
		SolutionGuid = {3AE7DD48-0F16-45E1-A292-D8049293DB33}
	EndGlobalSection
EndGlobal
